
Microsoft Visual Studio Solution File, Format Version 12.00
# Visual Studio 15
VisualStudioVersion = 15.0.27004.2005
MinimumVisualStudioVersion = 10.0.40219.1
Project("{FAE04EC0-301F-11D3-BF4B-00C04F79EFBC}") = "HttpForm", "HttpForm\HttpForm.csproj", "{FB39A706-C550-4249-8470-24558C6296FE}"
EndProject
Global
	GlobalSection(SolutionConfigurationPlatforms) = preSolution
		Debug|Any CPU = Debug|Any CPU
		Release|Any CPU = Release|Any CPU
	EndGlobalSection
	GlobalSection(ProjectConfigurationPlatforms) = postSolution
		{FB39A706-C550-4249-8470-24558C6296FE}.Debug|Any CPU.ActiveCfg = Debug|Any CPU
		{FB39A706-C550-4249-8470-24558C6296FE}.Debug|Any CPU.Build.0 = Debug|Any CPU
		{FB39A706-C550-4249-8470-24558C6296FE}.Release|Any CPU.ActiveCfg = Release|Any CPU
		{FB39A706-C550-4249-8470-24558C6296FE}.Release|Any CPU.Build.0 = Release|Any CPU
	EndGlobalSection
	GlobalSection(SolutionProperties) = preSolution
		HideSolutionNode = FALSE
	EndGlobalSection
	GlobalSection(ExtensibilityGlobals) = postSolution
		SolutionGuid = {B2E5115E-9E5C-4E73-B9DD-7466309F8BB3}
	EndGlobalSection
EndGlobal
